PODS:
  - Kingfisher (5.15.0):
    - Kingfisher/Core (= 5.15.0)
  - Kingfisher/Core (5.15.0)
  - StanwoodCore (1.7)

DEPENDENCIES:
  - Kingfisher
  - StanwoodCore

SPEC REPOS:
  trunk:
    - Kingfisher
    - StanwoodCore

SPEC CHECKSUMS:
  Kingfisher: 1acb67597a520c2d0310677e66d6e0af455ef757
  StanwoodCore: b00bb3703d843d583fd884b603f0b88a77bc84b4

PODFILE CHECKSUM: b3c01f06e901ffa10ee888a79708b7beabbdffe0

COCOAPODS: 1.9.3
