// !$*UTF8*$!
{
	archiveVersion = 1;
	classes = {
	};
	objectVersion = 51;
	objects = {

/* Begin PBXBuildFile section */
		28764EED250E08A2005365BD /* JSONParser.swift in Sources */ = {isa = PBXBuildFile; fileRef = 28764EE7250E08A1005365BD /* JSONParser.swift */; };
		28764EEE250E08A2005365BD /* Header.swift in Sources */ = {isa = PBXBuildFile; fileRef = 28764EE8250E08A1005365BD /* Header.swift */; };
		28764EEF250E08A2005365BD /* SourceURLBuilding.swift in Sources */ = {isa = PBXBuildFile; fileRef = 28764EE9250E08A1005365BD /* SourceURLBuilding.swift */; };
		28764EF0250E08A2005365BD /* NetworkSource.swift in Sources */ = {isa = PBXBuildFile; fileRef = 28764EEA250E08A2005365BD /* NetworkSource.swift */; };
		28764EF1250E08A2005365BD /* NetworkController.swift in Sources */ = {isa = PBXBuildFile; fileRef = 28764EEB250E08A2005365BD /* NetworkController.swift */; };
		28764EF5250E090D005365BD /* URLRequest+Helpers.swift in Sources */ = {isa = PBXBuildFile; fileRef = 28764EF3250E090D005365BD /* URLRequest+Helpers.swift */; };
		28764EF6250E090D005365BD /* URLResponse+Helpers.swift in Sources */ = {isa = PBXBuildFile; fileRef = 28764EF4250E090D005365BD /* URLResponse+Helpers.swift */; };
		28764F00250E0BAD005365BD /* ModelError.swift in Sources */ = {isa = PBXBuildFile; fileRef = 28764EFF250E0BAD005365BD /* ModelError.swift */; };
		28764F04250E0CA2005365BD /* TrendingAPI.swift in Sources */ = {isa = PBXBuildFile; fileRef = 28764F03250E0CA2005365BD /* TrendingAPI.swift */; };
		28764F0C250E0FB9005365BD /* TrendingReposViewController.swift in Sources */ = {isa = PBXBuildFile; fileRef = 28764F0B250E0FB9005365BD /* TrendingReposViewController.swift */; };
		28764F0E250E1305005365BD /* TrendingFeed.swift in Sources */ = {isa = PBXBuildFile; fileRef = 28764F0D250E1305005365BD /* TrendingFeed.swift */; };
		28764F13250E4660005365BD /* RepoItemCollectionViewCell.swift in Sources */ = {isa = PBXBuildFile; fileRef = 28764F11250E4660005365BD /* RepoItemCollectionViewCell.swift */; };
		28764F14250E4660005365BD /* RepoItemCollectionViewCell.xib in Resources */ = {isa = PBXBuildFile; fileRef = 28764F12250E4660005365BD /* RepoItemCollectionViewCell.xib */; };
		2883FD5A251008F70061F641 /* TrendingReposDataSource.swift in Sources */ = {isa = PBXBuildFile; fileRef = 2883FD59251008F70061F641 /* TrendingReposDataSource.swift */; };
		2883FD5C251009270061F641 /* TrendingRepoCellViewModel.swift in Sources */ = {isa = PBXBuildFile; fileRef = 2883FD5B251009270061F641 /* TrendingRepoCellViewModel.swift */; };
		2883FD5E2510093C0061F641 /* RepoCellViewModel.swift in Sources */ = {isa = PBXBuildFile; fileRef = 2883FD5D2510093C0061F641 /* RepoCellViewModel.swift */; };
		2883FD602510094C0061F641 /* TrendingTime.swift in Sources */ = {isa = PBXBuildFile; fileRef = 2883FD5F2510094C0061F641 /* TrendingTime.swift */; };
		2883FD62251009630061F641 /* TrendingReposViewModel.swift in Sources */ = {isa = PBXBuildFile; fileRef = 2883FD61251009630061F641 /* TrendingReposViewModel.swift */; };
		28BDF0E3250CADA7003D5D15 /* AppDelegate.swift in Sources */ = {isa = PBXBuildFile; fileRef = 28BDF0E2250CADA7003D5D15 /* AppDelegate.swift */; };
		28BDF0E5250CADA7003D5D15 /* SceneDelegate.swift in Sources */ = {isa = PBXBuildFile; fileRef = 28BDF0E4250CADA7003D5D15 /* SceneDelegate.swift */; };
		28BDF0EA250CADA7003D5D15 /* Main.storyboard in Resources */ = {isa = PBXBuildFile; fileRef = 28BDF0E8250CADA7003D5D15 /* Main.storyboard */; };
		28BDF0EC250CADA8003D5D15 /* Assets.xcassets in Resources */ = {isa = PBXBuildFile; fileRef = 28BDF0EB250CADA8003D5D15 /* Assets.xcassets */; };
		28BDF0EF250CADA8003D5D15 /* LaunchScreen.storyboard in Resources */ = {isa = PBXBuildFile; fileRef = 28BDF0ED250CADA8003D5D15 /* LaunchScreen.storyboard */; };
		28BF931D251094AE0011DFFB /* Repository.swift in Sources */ = {isa = PBXBuildFile; fileRef = 28BF931C251094AE0011DFFB /* Repository.swift */; };
		28BF9322251096E10011DFFB /* PersistanceManager.swift in Sources */ = {isa = PBXBuildFile; fileRef = 28BF9321251096E10011DFFB /* PersistanceManager.swift */; };
		28E1280A2510A115007B2535 /* FavoriteReposViewContoller.swift in Sources */ = {isa = PBXBuildFile; fileRef = 28E128092510A115007B2535 /* FavoriteReposViewContoller.swift */; };
		28E1280D2510A175007B2535 /* UIViewController+Alert.swift in Sources */ = {isa = PBXBuildFile; fileRef = 28E1280C2510A175007B2535 /* UIViewController+Alert.swift */; };
		28E1280F2510B268007B2535 /* FavoriteRepoCellViewModel.swift in Sources */ = {isa = PBXBuildFile; fileRef = 28E1280E2510B268007B2535 /* FavoriteRepoCellViewModel.swift */; };
		28E128112510B27C007B2535 /* FavoriteReposViewModel.swift in Sources */ = {isa = PBXBuildFile; fileRef = 28E128102510B27C007B2535 /* FavoriteReposViewModel.swift */; };
		28E128132510B2A2007B2535 /* ReposCollectionViewModel.swift in Sources */ = {isa = PBXBuildFile; fileRef = 28E128122510B2A2007B2535 /* ReposCollectionViewModel.swift */; };
		28E128152510B30B007B2535 /* LayoutType.swift in Sources */ = {isa = PBXBuildFile; fileRef = 28E128142510B30B007B2535 /* LayoutType.swift */; };
		CCBE374A0885410AC5EF80FF /* Pods_TrendingRepos.framework in Frameworks */ = {isa = PBXBuildFile; fileRef = 04665E850868B07D7F9B7635 /* Pods_TrendingRepos.framework */; };
/* End PBXBuildFile section */

/* Begin PBXFileReference section */
		04665E850868B07D7F9B7635 /* Pods_TrendingRepos.framework */ = {isa = PBXFileReference; explicitFileType = wrapper.framework; includeInIndex = 0; path = Pods_TrendingRepos.framework; sourceTree = BUILT_PRODUCTS_DIR; };
		28764EE7250E08A1005365BD /* JSONParser.swift */ = {isa = PBXFileReference; fileEncoding = 4; lastKnownFileType = sourcecode.swift; name = JSONParser.swift; path = ../JSONParser.swift; sourceTree = "<group>"; };
		28764EE8250E08A1005365BD /* Header.swift */ = {isa = PBXFileReference; fileEncoding = 4; lastKnownFileType = sourcecode.swift; name = Header.swift; path = ../Header.swift; sourceTree = "<group>"; };
		28764EE9250E08A1005365BD /* SourceURLBuilding.swift */ = {isa = PBXFileReference; fileEncoding = 4; lastKnownFileType = sourcecode.swift; name = SourceURLBuilding.swift; path = ../SourceURLBuilding.swift; sourceTree = "<group>"; };
		28764EEA250E08A2005365BD /* NetworkSource.swift */ = {isa = PBXFileReference; fileEncoding = 4; lastKnownFileType = sourcecode.swift; name = NetworkSource.swift; path = ../NetworkSource.swift; sourceTree = "<group>"; };
		28764EEB250E08A2005365BD /* NetworkController.swift */ = {isa = PBXFileReference; fileEncoding = 4; lastKnownFileType = sourcecode.swift; name = NetworkController.swift; path = ../NetworkController.swift; sourceTree = "<group>"; };
		28764EF3250E090D005365BD /* URLRequest+Helpers.swift */ = {isa = PBXFileReference; fileEncoding = 4; lastKnownFileType = sourcecode.swift; name = "URLRequest+Helpers.swift"; path = "../URLRequest+Helpers.swift"; sourceTree = "<group>"; };
		28764EF4250E090D005365BD /* URLResponse+Helpers.swift */ = {isa = PBXFileReference; fileEncoding = 4; lastKnownFileType = sourcecode.swift; name = "URLResponse+Helpers.swift"; path = "../URLResponse+Helpers.swift"; sourceTree = "<group>"; };
		28764EFF250E0BAD005365BD /* ModelError.swift */ = {isa = PBXFileReference; fileEncoding = 4; lastKnownFileType = sourcecode.swift; path = ModelError.swift; sourceTree = "<group>"; };
		28764F03250E0CA2005365BD /* TrendingAPI.swift */ = {isa = PBXFileReference; lastKnownFileType = sourcecode.swift; path = TrendingAPI.swift; sourceTree = "<group>"; };
		28764F0B250E0FB9005365BD /* TrendingReposViewController.swift */ = {isa = PBXFileReference; lastKnownFileType = sourcecode.swift; path = TrendingReposViewController.swift; sourceTree = "<group>"; };
		28764F0D250E1305005365BD /* TrendingFeed.swift */ = {isa = PBXFileReference; lastKnownFileType = sourcecode.swift; path = TrendingFeed.swift; sourceTree = "<group>"; };
		28764F11250E4660005365BD /* RepoItemCollectionViewCell.swift */ = {isa = PBXFileReference; lastKnownFileType = sourcecode.swift; path = RepoItemCollectionViewCell.swift; sourceTree = "<group>"; };
		28764F12250E4660005365BD /* RepoItemCollectionViewCell.xib */ = {isa = PBXFileReference; lastKnownFileType = file.xib; path = RepoItemCollectionViewCell.xib; sourceTree = "<group>"; };
		2883FD59251008F70061F641 /* TrendingReposDataSource.swift */ = {isa = PBXFileReference; lastKnownFileType = sourcecode.swift; path = TrendingReposDataSource.swift; sourceTree = "<group>"; };
		2883FD5B251009270061F641 /* TrendingRepoCellViewModel.swift */ = {isa = PBXFileReference; lastKnownFileType = sourcecode.swift; path = TrendingRepoCellViewModel.swift; sourceTree = "<group>"; };
		2883FD5D2510093C0061F641 /* RepoCellViewModel.swift */ = {isa = PBXFileReference; lastKnownFileType = sourcecode.swift; path = RepoCellViewModel.swift; sourceTree = "<group>"; };
		2883FD5F2510094C0061F641 /* TrendingTime.swift */ = {isa = PBXFileReference; lastKnownFileType = sourcecode.swift; path = TrendingTime.swift; sourceTree = "<group>"; };
		2883FD61251009630061F641 /* TrendingReposViewModel.swift */ = {isa = PBXFileReference; lastKnownFileType = sourcecode.swift; path = TrendingReposViewModel.swift; sourceTree = "<group>"; };
		28BDF0DF250CADA7003D5D15 /* TrendingRepos.app */ = {isa = PBXFileReference; explicitFileType = wrapper.application; includeInIndex = 0; path = TrendingRepos.app; sourceTree = BUILT_PRODUCTS_DIR; };
		28BDF0E2250CADA7003D5D15 /* AppDelegate.swift */ = {isa = PBXFileReference; lastKnownFileType = sourcecode.swift; path = AppDelegate.swift; sourceTree = "<group>"; };
		28BDF0E4250CADA7003D5D15 /* SceneDelegate.swift */ = {isa = PBXFileReference; lastKnownFileType = sourcecode.swift; path = SceneDelegate.swift; sourceTree = "<group>"; };
		28BDF0E9250CADA7003D5D15 /* Base */ = {isa = PBXFileReference; lastKnownFileType = file.storyboard; name = Base; path = Base.lproj/Main.storyboard; sourceTree = "<group>"; };
		28BDF0EB250CADA8003D5D15 /* Assets.xcassets */ = {isa = PBXFileReference; lastKnownFileType = folder.assetcatalog; path = Assets.xcassets; sourceTree = "<group>"; };
		28BDF0EE250CADA8003D5D15 /* Base */ = {isa = PBXFileReference; lastKnownFileType = file.storyboard; name = Base; path = Base.lproj/LaunchScreen.storyboard; sourceTree = "<group>"; };
		28BDF0F0250CADA8003D5D15 /* Info.plist */ = {isa = PBXFileReference; lastKnownFileType = text.plist.xml; path = Info.plist; sourceTree = "<group>"; };
		28BF931C251094AE0011DFFB /* Repository.swift */ = {isa = PBXFileReference; lastKnownFileType = sourcecode.swift; path = Repository.swift; sourceTree = "<group>"; };
		28BF9321251096E10011DFFB /* PersistanceManager.swift */ = {isa = PBXFileReference; lastKnownFileType = sourcecode.swift; path = PersistanceManager.swift; sourceTree = "<group>"; };
		28E128092510A115007B2535 /* FavoriteReposViewContoller.swift */ = {isa = PBXFileReference; lastKnownFileType = sourcecode.swift; path = FavoriteReposViewContoller.swift; sourceTree = "<group>"; };
		28E1280C2510A175007B2535 /* UIViewController+Alert.swift */ = {isa = PBXFileReference; lastKnownFileType = sourcecode.swift; path = "UIViewController+Alert.swift"; sourceTree = "<group>"; };
		28E1280E2510B268007B2535 /* FavoriteRepoCellViewModel.swift */ = {isa = PBXFileReference; lastKnownFileType = sourcecode.swift; path = FavoriteRepoCellViewModel.swift; sourceTree = "<group>"; };
		28E128102510B27C007B2535 /* FavoriteReposViewModel.swift */ = {isa = PBXFileReference; lastKnownFileType = sourcecode.swift; path = FavoriteReposViewModel.swift; sourceTree = "<group>"; };
		28E128122510B2A2007B2535 /* ReposCollectionViewModel.swift */ = {isa = PBXFileReference; lastKnownFileType = sourcecode.swift; path = ReposCollectionViewModel.swift; sourceTree = "<group>"; };
		28E128142510B30B007B2535 /* LayoutType.swift */ = {isa = PBXFileReference; lastKnownFileType = sourcecode.swift; path = LayoutType.swift; sourceTree = "<group>"; };
		8B1B84C5CBA852512BAC7C05 /* Pods-TrendingRepos.debug.xcconfig */ = {isa = PBXFileReference; includeInIndex = 1; lastKnownFileType = text.xcconfig; name = "Pods-TrendingRepos.debug.xcconfig"; path = "Target Support Files/Pods-TrendingRepos/Pods-TrendingRepos.debug.xcconfig"; sourceTree = "<group>"; };
		EFBC5DDDD191EF07FA4CE185 /* Pods-TrendingRepos.release.xcconfig */ = {isa = PBXFileReference; includeInIndex = 1; lastKnownFileType = text.xcconfig; name = "Pods-TrendingRepos.release.xcconfig"; path = "Target Support Files/Pods-TrendingRepos/Pods-TrendingRepos.release.xcconfig"; sourceTree = "<group>"; };
/* End PBXFileReference section */

/* Begin PBXFrameworksBuildPhase section */
		28BDF0DC250CADA7003D5D15 /* Frameworks */ = {
			isa = PBXFrameworksBuildPhase;
			buildActionMask = 2147483647;
			files = (
				CCBE374A0885410AC5EF80FF /* Pods_TrendingRepos.framework in Frameworks */,
			);
			runOnlyForDeploymentPostprocessing = 0;
		};
/* End PBXFrameworksBuildPhase section */

/* Begin PBXGroup section */
		28764EE6250E088F005365BD /* Network */ = {
			isa = PBXGroup;
			children = (
				28764F02250E0C53005365BD /* API */,
				28764F01250E0C45005365BD /* Helpers */,
			);
			path = Network;
			sourceTree = "<group>";
		};
		28764EFA250E0A72005365BD /* Model */ = {
			isa = PBXGroup;
			children = (
				28BF931B2510949B0011DFFB /* Local */,
				28764EFE250E0B95005365BD /* Error */,
				28764EFB250E0ACC005365BD /* Remote */,
			);
			path = Model;
			sourceTree = "<group>";
		};
		28764EFB250E0ACC005365BD /* Remote */ = {
			isa = PBXGroup;
			children = (
				28764F0D250E1305005365BD /* TrendingFeed.swift */,
			);
			path = Remote;
			sourceTree = "<group>";
		};
		28764EFE250E0B95005365BD /* Error */ = {
			isa = PBXGroup;
			children = (
				28764EFF250E0BAD005365BD /* ModelError.swift */,
			);
			path = Error;
			sourceTree = "<group>";
		};
		28764F01250E0C45005365BD /* Helpers */ = {
			isa = PBXGroup;
			children = (
				28764EF3250E090D005365BD /* URLRequest+Helpers.swift */,
				28764EF4250E090D005365BD /* URLResponse+Helpers.swift */,
				28764EE8250E08A1005365BD /* Header.swift */,
				28764EE7250E08A1005365BD /* JSONParser.swift */,
				28764EEB250E08A2005365BD /* NetworkController.swift */,
				28764EEA250E08A2005365BD /* NetworkSource.swift */,
				28764EE9250E08A1005365BD /* SourceURLBuilding.swift */,
			);
			path = Helpers;
			sourceTree = "<group>";
		};
		28764F02250E0C53005365BD /* API */ = {
			isa = PBXGroup;
			children = (
				28764F03250E0CA2005365BD /* TrendingAPI.swift */,
			);
			path = API;
			sourceTree = "<group>";
		};
		28764F07250E0EC7005365BD /* Screens */ = {
			isa = PBXGroup;
			children = (
				28BF931E2510969E0011DFFB /* Favorites */,
				28764F08250E0EE7005365BD /* Trending */,
			);
			path = Screens;
			sourceTree = "<group>";
		};
		28764F08250E0EE7005365BD /* Trending */ = {
			isa = PBXGroup;
			children = (
				2883FD58251008CC0061F641 /* Data */,
				28764F10250E45DD005365BD /* Cells */,
				28764F0F250E45C5005365BD /* ViewController */,
			);
			path = Trending;
			sourceTree = "<group>";
		};
		28764F0F250E45C5005365BD /* ViewController */ = {
			isa = PBXGroup;
			children = (
				28764F0B250E0FB9005365BD /* TrendingReposViewController.swift */,
			);
			path = ViewController;
			sourceTree = "<group>";
		};
		28764F10250E45DD005365BD /* Cells */ = {
			isa = PBXGroup;
			children = (
				28764F11250E4660005365BD /* RepoItemCollectionViewCell.swift */,
				28764F12250E4660005365BD /* RepoItemCollectionViewCell.xib */,
			);
			path = Cells;
			sourceTree = "<group>";
		};
		2883FD58251008CC0061F641 /* Data */ = {
			isa = PBXGroup;
			children = (
				2883FD59251008F70061F641 /* TrendingReposDataSource.swift */,
				2883FD5B251009270061F641 /* TrendingRepoCellViewModel.swift */,
				2883FD5D2510093C0061F641 /* RepoCellViewModel.swift */,
				2883FD5F2510094C0061F641 /* TrendingTime.swift */,
				2883FD61251009630061F641 /* TrendingReposViewModel.swift */,
			);
			path = Data;
			sourceTree = "<group>";
		};
		28BDF0D6250CADA7003D5D15 = {
			isa = PBXGroup;
			children = (
				28BDF0E1250CADA7003D5D15 /* TrendingRepos */,
				28BDF0E0250CADA7003D5D15 /* Products */,
				31F29348DBA221A99D2C4010 /* Pods */,
				49FF1E52DE5ACA877DBF763B /* Frameworks */,
			);
			sourceTree = "<group>";
		};
		28BDF0E0250CADA7003D5D15 /* Products */ = {
			isa = PBXGroup;
			children = (
				28BDF0DF250CADA7003D5D15 /* TrendingRepos.app */,
			);
			name = Products;
			sourceTree = "<group>";
		};
		28BDF0E1250CADA7003D5D15 /* TrendingRepos */ = {
			isa = PBXGroup;
			children = (
				28E1280B2510A164007B2535 /* Extensions */,
				28764F07250E0EC7005365BD /* Screens */,
				28764EFA250E0A72005365BD /* Model */,
				28764EE6250E088F005365BD /* Network */,
				28BDF0E2250CADA7003D5D15 /* AppDelegate.swift */,
				28BDF0E4250CADA7003D5D15 /* SceneDelegate.swift */,
				28BDF0E8250CADA7003D5D15 /* Main.storyboard */,
				28BDF0EB250CADA8003D5D15 /* Assets.xcassets */,
				28BDF0ED250CADA8003D5D15 /* LaunchScreen.storyboard */,
				28BDF0F0250CADA8003D5D15 /* Info.plist */,
			);
			path = TrendingRepos;
			sourceTree = "<group>";
		};
		28BF931B2510949B0011DFFB /* Local */ = {
			isa = PBXGroup;
			children = (
				28BF931C251094AE0011DFFB /* Repository.swift */,
			);
			path = Local;
			sourceTree = "<group>";
		};
		28BF931E2510969E0011DFFB /* Favorites */ = {
			isa = PBXGroup;
			children = (
				28BF9320251096D00011DFFB /* Data */,
				28BF931F251096C50011DFFB /* ViewController */,
			);
			path = Favorites;
			sourceTree = "<group>";
		};
		28BF931F251096C50011DFFB /* ViewController */ = {
			isa = PBXGroup;
			children = (
				28E128092510A115007B2535 /* FavoriteReposViewContoller.swift */,
			);
			path = ViewController;
			sourceTree = "<group>";
		};
		28BF9320251096D00011DFFB /* Data */ = {
			isa = PBXGroup;
			children = (
				28BF9321251096E10011DFFB /* PersistanceManager.swift */,
				28E1280E2510B268007B2535 /* FavoriteRepoCellViewModel.swift */,
				28E128102510B27C007B2535 /* FavoriteReposViewModel.swift */,
				28E128122510B2A2007B2535 /* ReposCollectionViewModel.swift */,
				28E128142510B30B007B2535 /* LayoutType.swift */,
			);
			path = Data;
			sourceTree = "<group>";
		};
		28E1280B2510A164007B2535 /* Extensions */ = {
			isa = PBXGroup;
			children = (
				28E1280C2510A175007B2535 /* UIViewController+Alert.swift */,
			);
			path = Extensions;
			sourceTree = "<group>";
		};
		31F29348DBA221A99D2C4010 /* Pods */ = {
			isa = PBXGroup;
			children = (
				8B1B84C5CBA852512BAC7C05 /* Pods-TrendingRepos.debug.xcconfig */,
				EFBC5DDDD191EF07FA4CE185 /* Pods-TrendingRepos.release.xcconfig */,
			);
			path = Pods;
			sourceTree = "<group>";
		};
		49FF1E52DE5ACA877DBF763B /* Frameworks */ = {
			isa = PBXGroup;
			children = (
				04665E850868B07D7F9B7635 /* Pods_TrendingRepos.framework */,
			);
			name = Frameworks;
			sourceTree = "<group>";
		};
/* End PBXGroup section */

/* Begin PBXNativeTarget section */
		28BDF0DE250CADA7003D5D15 /* TrendingRepos */ = {
			isa = PBXNativeTarget;
			buildConfigurationList = 28BDF0F3250CADA8003D5D15 /* Build configuration list for PBXNativeTarget "TrendingRepos" */;
			buildPhases = (
				0A848A9B705AF25DA8E779C9 /* [CP] Check Pods Manifest.lock */,
				28BDF0DB250CADA7003D5D15 /* Sources */,
				28BDF0DC250CADA7003D5D15 /* Frameworks */,
				28BDF0DD250CADA7003D5D15 /* Resources */,
				5EFD285307B4C5689AA48DD4 /* [CP] Embed Pods Frameworks */,
			);
			buildRules = (
			);
			dependencies = (
			);
			name = TrendingRepos;
			productName = TrendingRepos;
			productReference = 28BDF0DF250CADA7003D5D15 /* TrendingRepos.app */;
			productType = "com.apple.product-type.application";
		};
/* End PBXNativeTarget section */

/* Begin PBXProject section */
		28BDF0D7250CADA7003D5D15 /* Project object */ = {
			isa = PBXProject;
			attributes = {
				LastSwiftUpdateCheck = 1170;
				LastUpgradeCheck = 1170;
				ORGANIZATIONNAME = Yummly;
				TargetAttributes = {
					28BDF0DE250CADA7003D5D15 = {
						CreatedOnToolsVersion = 11.7;
					};
				};
			};
			buildConfigurationList = 28BDF0DA250CADA7003D5D15 /* Build configuration list for PBXProject "TrendingRepos" */;
			compatibilityVersion = "Xcode 9.3";
			developmentRegion = en;
			hasScannedForEncodings = 0;
			knownRegions = (
				en,
				Base,
			);
			mainGroup = 28BDF0D6250CADA7003D5D15;
			productRefGroup = 28BDF0E0250CADA7003D5D15 /* Products */;
			projectDirPath = "";
			projectRoot = "";
			targets = (
				28BDF0DE250CADA7003D5D15 /* TrendingRepos */,
			);
		};
/* End PBXProject section */

/* Begin PBXResourcesBuildPhase section */
		28BDF0DD250CADA7003D5D15 /* Resources */ = {
			isa = PBXResourcesBuildPhase;
			buildActionMask = 2147483647;
			files = (
				28BDF0EF250CADA8003D5D15 /* LaunchScreen.storyboard in Resources */,
				28BDF0EC250CADA8003D5D15 /* Assets.xcassets in Resources */,
				28BDF0EA250CADA7003D5D15 /* Main.storyboard in Resources */,
				28764F14250E4660005365BD /* RepoItemCollectionViewCell.xib in Resources */,
			);
			runOnlyForDeploymentPostprocessing = 0;
		};
/* End PBXResourcesBuildPhase section */

/* Begin PBXShellScriptBuildPhase section */
		0A848A9B705AF25DA8E779C9 /* [CP] Check Pods Manifest.lock */ = {
			isa = PBXShellScriptBuildPhase;
			buildActionMask = 2147483647;
			files = (
			);
			inputFileListPaths = (
			);
			inputPaths = (
				"${PODS_PODFILE_DIR_PATH}/Podfile.lock",
				"${PODS_ROOT}/Manifest.lock",
			);
			name = "[CP] Check Pods Manifest.lock";
			outputFileListPaths = (
			);
			outputPaths = (
				"$(DERIVED_FILE_DIR)/Pods-TrendingRepos-checkManifestLockResult.txt",
			);
			runOnlyForDeploymentPostprocessing = 0;
			shellPath = /bin/sh;
			shellScript = "diff \"${PODS_PODFILE_DIR_PATH}/Podfile.lock\" \"${PODS_ROOT}/Manifest.lock\" > /dev/null\nif [ $? != 0 ] ; then\n    # print error to STDERR\n    echo \"error: The sandbox is not in sync with the Podfile.lock. Run 'pod install' or update your CocoaPods installation.\" >&2\n    exit 1\nfi\n# This output is used by Xcode 'outputs' to avoid re-running this script phase.\necho \"SUCCESS\" > \"${SCRIPT_OUTPUT_FILE_0}\"\n";
			showEnvVarsInLog = 0;
		};
		5EFD285307B4C5689AA48DD4 /* [CP] Embed Pods Frameworks */ = {
			isa = PBXShellScriptBuildPhase;
			buildActionMask = 2147483647;
			files = (
			);
			inputFileListPaths = (
				"${PODS_ROOT}/Target Support Files/Pods-TrendingRepos/Pods-TrendingRepos-frameworks-${CONFIGURATION}-input-files.xcfilelist",
			);
			name = "[CP] Embed Pods Frameworks";
			outputFileListPaths = (
				"${PODS_ROOT}/Target Support Files/Pods-TrendingRepos/Pods-TrendingRepos-frameworks-${CONFIGURATION}-output-files.xcfilelist",
			);
			runOnlyForDeploymentPostprocessing = 0;
			shellPath = /bin/sh;
			shellScript = "\"${PODS_ROOT}/Target Support Files/Pods-TrendingRepos/Pods-TrendingRepos-frameworks.sh\"\n";
			showEnvVarsInLog = 0;
		};
/* End PBXShellScriptBuildPhase section */

/* Begin PBXSourcesBuildPhase section */
		28BDF0DB250CADA7003D5D15 /* Sources */ = {
			isa = PBXSourcesBuildPhase;
			buildActionMask = 2147483647;
			files = (
				28764EF6250E090D005365BD /* URLResponse+Helpers.swift in Sources */,
				28764F04250E0CA2005365BD /* TrendingAPI.swift in Sources */,
				28E1280A2510A115007B2535 /* FavoriteReposViewContoller.swift in Sources */,
				2883FD5A251008F70061F641 /* TrendingReposDataSource.swift in Sources */,
				28764EEF250E08A2005365BD /* SourceURLBuilding.swift in Sources */,
				28764F00250E0BAD005365BD /* ModelError.swift in Sources */,
				28764EF0250E08A2005365BD /* NetworkSource.swift in Sources */,
				28BF9322251096E10011DFFB /* PersistanceManager.swift in Sources */,
				28764EEE250E08A2005365BD /* Header.swift in Sources */,
				28BF931D251094AE0011DFFB /* Repository.swift in Sources */,
				2883FD62251009630061F641 /* TrendingReposViewModel.swift in Sources */,
				2883FD602510094C0061F641 /* TrendingTime.swift in Sources */,
				28E1280F2510B268007B2535 /* FavoriteRepoCellViewModel.swift in Sources */,
				28E1280D2510A175007B2535 /* UIViewController+Alert.swift in Sources */,
				28E128132510B2A2007B2535 /* ReposCollectionViewModel.swift in Sources */,
				2883FD5C251009270061F641 /* TrendingRepoCellViewModel.swift in Sources */,
				28764F13250E4660005365BD /* RepoItemCollectionViewCell.swift in Sources */,
				28BDF0E3250CADA7003D5D15 /* AppDelegate.swift in Sources */,
				28764F0E250E1305005365BD /* TrendingFeed.swift in Sources */,
				28BDF0E5250CADA7003D5D15 /* SceneDelegate.swift in Sources */,
				28764EF5250E090D005365BD /* URLRequest+Helpers.swift in Sources */,
				28764F0C250E0FB9005365BD /* TrendingReposViewController.swift in Sources */,
				28E128152510B30B007B2535 /* LayoutType.swift in Sources */,
				28764EF1250E08A2005365BD /* NetworkController.swift in Sources */,
				2883FD5E2510093C0061F641 /* RepoCellViewModel.swift in Sources */,
				28764EED250E08A2005365BD /* JSONParser.swift in Sources */,
				28E128112510B27C007B2535 /* FavoriteReposViewModel.swift in Sources */,
			);
			runOnlyForDeploymentPostprocessing = 0;
		};
/* End PBXSourcesBuildPhase section */

/* Begin PBXVariantGroup section */
		28BDF0E8250CADA7003D5D15 /* Main.storyboard */ = {
			isa = PBXVariantGroup;
			children = (
				28BDF0E9250CADA7003D5D15 /* Base */,
			);
			name = Main.storyboard;
			sourceTree = "<group>";
		};
		28BDF0ED250CADA8003D5D15 /* LaunchScreen.storyboard */ = {
			isa = PBXVariantGroup;
			children = (
				28BDF0EE250CADA8003D5D15 /* Base */,
			);
			name = LaunchScreen.storyboard;
			sourceTree = "<group>";
		};
/* End PBXVariantGroup section */

/* Begin XCBuildConfiguration section */
		28BDF0F1250CADA8003D5D15 /* Debug */ = {
			isa = XCBuildConfiguration;
			buildSettings = {
				ALWAYS_SEARCH_USER_PATHS = NO;
				CLANG_ANALYZER_NONNULL = YES;
				CLANG_ANALYZER_NUMBER_OBJECT_CONVERSION = YES_AGGRESSIVE;
				CLANG_CXX_LANGUAGE_STANDARD = "gnu++14";
				CLANG_CXX_LIBRARY = "libc++";
				CLANG_ENABLE_MODULES = YES;
				CLANG_ENABLE_OBJC_ARC = YES;
				CLANG_ENABLE_OBJC_WEAK = YES;
				CLANG_WARN_BLOCK_CAPTURE_AUTORELEASING = YES;
				CLANG_WARN_BOOL_CONVERSION = YES;
				CLANG_WARN_COMMA = YES;
				CLANG_WARN_CONSTANT_CONVERSION = YES;
				CLANG_WARN_DEPRECATED_OBJC_IMPLEMENTATIONS = YES;
				CLANG_WARN_DIRECT_OBJC_ISA_USAGE = YES_ERROR;
				CLANG_WARN_DOCUMENTATION_COMMENTS = YES;
				CLANG_WARN_EMPTY_BODY = YES;
				CLANG_WARN_ENUM_CONVERSION = YES;
				CLANG_WARN_INFINITE_RECURSION = YES;
				CLANG_WARN_INT_CONVERSION = YES;
				CLANG_WARN_NON_LITERAL_NULL_CONVERSION = YES;
				CLANG_WARN_OBJC_IMPLICIT_RETAIN_SELF = YES;
				CLANG_WARN_OBJC_LITERAL_CONVERSION = YES;
				CLANG_WARN_OBJC_ROOT_CLASS = YES_ERROR;
				CLANG_WARN_RANGE_LOOP_ANALYSIS = YES;
				CLANG_WARN_STRICT_PROTOTYPES = YES;
				CLANG_WARN_SUSPICIOUS_MOVE = YES;
				CLANG_WARN_UNGUARDED_AVAILABILITY = YES_AGGRESSIVE;
				CLANG_WARN_UNREACHABLE_CODE = YES;
				CLANG_WARN__DUPLICATE_METHOD_MATCH = YES;
				COPY_PHASE_STRIP = NO;
				DEBUG_INFORMATION_FORMAT = dwarf;
				ENABLE_STRICT_OBJC_MSGSEND = YES;
				ENABLE_TESTABILITY = YES;
				GCC_C_LANGUAGE_STANDARD = gnu11;
				GCC_DYNAMIC_NO_PIC = NO;
				GCC_NO_COMMON_BLOCKS = YES;
				GCC_OPTIMIZATION_LEVEL = 0;
				GCC_PREPROCESSOR_DEFINITIONS = (
					"DEBUG=1",
					"$(inherited)",
				);
				GCC_WARN_64_TO_32_BIT_CONVERSION = YES;
				GCC_WARN_ABOUT_RETURN_TYPE = YES_ERROR;
				GCC_WARN_UNDECLARED_SELECTOR = YES;
				GCC_WARN_UNINITIALIZED_AUTOS = YES_AGGRESSIVE;
				GCC_WARN_UNUSED_FUNCTION = YES;
				GCC_WARN_UNUSED_VARIABLE = YES;
				IPHONEOS_DEPLOYMENT_TARGET = 13.0;
				MTL_ENABLE_DEBUG_INFO = INCLUDE_SOURCE;
				MTL_FAST_MATH = YES;
				ONLY_ACTIVE_ARCH = YES;
				SDKROOT = iphoneos;
				SWIFT_ACTIVE_COMPILATION_CONDITIONS = DEBUG;
				SWIFT_OPTIMIZATION_LEVEL = "-Onone";
			};
			name = Debug;
		};
		28BDF0F2250CADA8003D5D15 /* Release */ = {
			isa = XCBuildConfiguration;
			buildSettings = {
				ALWAYS_SEARCH_USER_PATHS = NO;
				CLANG_ANALYZER_NONNULL = YES;
				CLANG_ANALYZER_NUMBER_OBJECT_CONVERSION = YES_AGGRESSIVE;
				CLANG_CXX_LANGUAGE_STANDARD = "gnu++14";
				CLANG_CXX_LIBRARY = "libc++";
				CLANG_ENABLE_MODULES = YES;
				CLANG_ENABLE_OBJC_ARC = YES;
				CLANG_ENABLE_OBJC_WEAK = YES;
				CLANG_WARN_BLOCK_CAPTURE_AUTORELEASING = YES;
				CLANG_WARN_BOOL_CONVERSION = YES;
				CLANG_WARN_COMMA = YES;
				CLANG_WARN_CONSTANT_CONVERSION = YES;
				CLANG_WARN_DEPRECATED_OBJC_IMPLEMENTATIONS = YES;
				CLANG_WARN_DIRECT_OBJC_ISA_USAGE = YES_ERROR;
				CLANG_WARN_DOCUMENTATION_COMMENTS = YES;
				CLANG_WARN_EMPTY_BODY = YES;
				CLANG_WARN_ENUM_CONVERSION = YES;
				CLANG_WARN_INFINITE_RECURSION = YES;
				CLANG_WARN_INT_CONVERSION = YES;
				CLANG_WARN_NON_LITERAL_NULL_CONVERSION = YES;
				CLANG_WARN_OBJC_IMPLICIT_RETAIN_SELF = YES;
				CLANG_WARN_OBJC_LITERAL_CONVERSION = YES;
				CLANG_WARN_OBJC_ROOT_CLASS = YES_ERROR;
				CLANG_WARN_RANGE_LOOP_ANALYSIS = YES;
				CLANG_WARN_STRICT_PROTOTYPES = YES;
				CLANG_WARN_SUSPICIOUS_MOVE = YES;
				CLANG_WARN_UNGUARDED_AVAILABILITY = YES_AGGRESSIVE;
				CLANG_WARN_UNREACHABLE_CODE = YES;
				CLANG_WARN__DUPLICATE_METHOD_MATCH = YES;
				COPY_PHASE_STRIP = NO;
				DEBUG_INFORMATION_FORMAT = "dwarf-with-dsym";
				ENABLE_NS_ASSERTIONS = NO;
				ENABLE_STRICT_OBJC_MSGSEND = YES;
				GCC_C_LANGUAGE_STANDARD = gnu11;
				GCC_NO_COMMON_BLOCKS = YES;
				GCC_WARN_64_TO_32_BIT_CONVERSION = YES;
				GCC_WARN_ABOUT_RETURN_TYPE = YES_ERROR;
				GCC_WARN_UNDECLARED_SELECTOR = YES;
				GCC_WARN_UNINITIALIZED_AUTOS = YES_AGGRESSIVE;
				GCC_WARN_UNUSED_FUNCTION = YES;
				GCC_WARN_UNUSED_VARIABLE = YES;
				IPHONEOS_DEPLOYMENT_TARGET = 13.0;
				MTL_ENABLE_DEBUG_INFO = NO;
				MTL_FAST_MATH = YES;
				SDKROOT = iphoneos;
				SWIFT_COMPILATION_MODE = wholemodule;
				SWIFT_OPTIMIZATION_LEVEL = "-O";
				VALIDATE_PRODUCT = YES;
			};
			name = Release;
		};
		28BDF0F4250CADA8003D5D15 /* Debug */ = {
			isa = XCBuildConfiguration;
			baseConfigurationReference = 8B1B84C5CBA852512BAC7C05 /* Pods-TrendingRepos.debug.xcconfig */;
			buildSettings = {
				ASSETCATALOG_COMPILER_APPICON_NAME = AppIcon;
				CODE_SIGN_STYLE = Automatic;
				DEVELOPMENT_TEAM = 2B3TTZ6U49;
				INFOPLIST_FILE = TrendingRepos/Info.plist;
				LD_RUNPATH_SEARCH_PATHS = (
					"$(inherited)",
					"@executable_path/Frameworks",
				);
				PRODUCT_BUNDLE_IDENTIFIER = com.yummly.TrendingRepos;
				PRODUCT_NAME = "$(TARGET_NAME)";
				SWIFT_VERSION = 5.0;
				TARGETED_DEVICE_FAMILY = "1,2";
			};
			name = Debug;
		};
		28BDF0F5250CADA8003D5D15 /* Release */ = {
			isa = XCBuildConfiguration;
			baseConfigurationReference = EFBC5DDDD191EF07FA4CE185 /* Pods-TrendingRepos.release.xcconfig */;
			buildSettings = {
				ASSETCATALOG_COMPILER_APPICON_NAME = AppIcon;
				CODE_SIGN_STYLE = Automatic;
				DEVELOPMENT_TEAM = 2B3TTZ6U49;
				INFOPLIST_FILE = TrendingRepos/Info.plist;
				LD_RUNPATH_SEARCH_PATHS = (
					"$(inherited)",
					"@executable_path/Frameworks",
				);
				PRODUCT_BUNDLE_IDENTIFIER = com.yummly.TrendingRepos;
				PRODUCT_NAME = "$(TARGET_NAME)";
				SWIFT_VERSION = 5.0;
				TARGETED_DEVICE_FAMILY = "1,2";
			};
			name = Release;
		};
/* End XCBuildConfiguration section */

/* Begin XCConfigurationList section */
		28BDF0DA250CADA7003D5D15 /* Build configuration list for PBXProject "TrendingRepos" */ = {
			isa = XCConfigurationList;
			buildConfigurations = (
				28BDF0F1250CADA8003D5D15 /* Debug */,
				28BDF0F2250CADA8003D5D15 /* Release */,
			);
			defaultConfigurationIsVisible = 0;
			defaultConfigurationName = Release;
		};
		28BDF0F3250CADA8003D5D15 /* Build configuration list for PBXNativeTarget "TrendingRepos" */ = {
			isa = XCConfigurationList;
			buildConfigurations = (
				28BDF0F4250CADA8003D5D15 /* Debug */,
				28BDF0F5250CADA8003D5D15 /* Release */,
			);
			defaultConfigurationIsVisible = 0;
			defaultConfigurationName = Release;
		};
/* End XCConfigurationList section */
	};
	rootObject = 28BDF0D7250CADA7003D5D15 /* Project object */;
}
